// !$*UTF8*$!
{
	archiveVersion = 1;
	classes = {
	};
	objectVersion = 56;
	objects = {

/* Begin PBXBuildFile section */
		7308F69D2B6D975300E5140F /* Airbnb_CloneApp.swift in Sources */ = {isa = PBXBuildFile; fileRef = 7308F69C2B6D975300E5140F /* Airbnb_CloneApp.swift */; };
		7308F69F2B6D975300E5140F /* ContentView.swift in Sources */ = {isa = PBXBuildFile; fileRef = 7308F69E2B6D975300E5140F /* ContentView.swift */; };
		7308F6A12B6D975400E5140F /* Assets.xcassets in Resources */ = {isa = PBXBuildFile; fileRef = 7308F6A02B6D975400E5140F /* Assets.xcassets */; };
		7308F6A42B6D975400E5140F /* Preview Assets.xcassets in Resources */ = {isa = PBXBuildFile; fileRef = 7308F6A32B6D975400E5140F /* Preview Assets.xcassets */; };
		7308F6BA2B6D9A2200E5140F /* ExploreView.swift in Sources */ = {isa = PBXBuildFile; fileRef = 7308F6B92B6D9A2200E5140F /* ExploreView.swift */; };
		7308F6BC2B6D9AD300E5140F /* ListingItemView.swift in Sources */ = {isa = PBXBuildFile; fileRef = 7308F6BB2B6D9AD300E5140F /* ListingItemView.swift */; };
		7308F6BE2B6D9FA700E5140F /* Explore.swift in Sources */ = {isa = PBXBuildFile; fileRef = 7308F6BD2B6D9FA700E5140F /* Explore.swift */; };
		7308F6C02B6DACB300E5140F /* SearchAndFilterBar.swift in Sources */ = {isa = PBXBuildFile; fileRef = 7308F6BF2B6DACB300E5140F /* SearchAndFilterBar.swift */; };
		7308F6C22B6E621F00E5140F /* ListingDetailView.swift in Sources */ = {isa = PBXBuildFile; fileRef = 7308F6C12B6E621F00E5140F /* ListingDetailView.swift */; };
		7308F6C52B6E62D100E5140F /* ListingImageCarouselView.swift in Sources */ = {isa = PBXBuildFile; fileRef = 7308F6C42B6E62D100E5140F /* ListingImageCarouselView.swift */; };
		7323B8FF2B6E79EF00A195EF /* TextAndRatingView.swift in Sources */ = {isa = PBXBuildFile; fileRef = 7323B8FE2B6E79EF00A195EF /* TextAndRatingView.swift */; };
		7323B9012B6E7AA600A195EF /* FeaturesSection.swift in Sources */ = {isa = PBXBuildFile; fileRef = 7323B9002B6E7AA600A195EF /* FeaturesSection.swift */; };
		7323B9032B6E7AB900A195EF /* FeatureRow.swift in Sources */ = {isa = PBXBuildFile; fileRef = 7323B9022B6E7AB900A195EF /* FeatureRow.swift */; };
		7323B9052B6E7B4100A195EF /* HostSection.swift in Sources */ = {isa = PBXBuildFile; fileRef = 7323B9042B6E7B4100A195EF /* HostSection.swift */; };
		7323B9072B6E7B6C00A195EF /* BedroomsSection.swift in Sources */ = {isa = PBXBuildFile; fileRef = 7323B9062B6E7B6C00A195EF /* BedroomsSection.swift */; };
		7323B9092B6E7B7F00A195EF /* PlaceOffersSection.swift in Sources */ = {isa = PBXBuildFile; fileRef = 7323B9082B6E7B7F00A195EF /* PlaceOffersSection.swift */; };
		7323B90B2B6E7C3500A195EF /* BedroomView.swift in Sources */ = {isa = PBXBuildFile; fileRef = 7323B90A2B6E7C3500A195EF /* BedroomView.swift */; };
		7323B90D2B6E7DA100A195EF /* MapView.swift in Sources */ = {isa = PBXBuildFile; fileRef = 7323B90C2B6E7DA100A195EF /* MapView.swift */; };
		7323B90F2B6E809500A195EF /* SectionGroup.swift in Sources */ = {isa = PBXBuildFile; fileRef = 7323B90E2B6E809500A195EF /* SectionGroup.swift */; };
		7323B9112B6EB1BB00A195EF /* DestinationSearchView.swift in Sources */ = {isa = PBXBuildFile; fileRef = 7323B9102B6EB1BB00A195EF /* DestinationSearchView.swift */; };
/* End PBXBuildFile section */

/* Begin PBXFileReference section */
		7308F6992B6D975300E5140F /* Airbnb-Clone.app */ = {isa = PBXFileReference; explicitFileType = wrapper.application; includeInIndex = 0; path = "Airbnb-Clone.app"; sourceTree = BUILT_PRODUCTS_DIR; };
		7308F69C2B6D975300E5140F /* Airbnb_CloneApp.swift */ = {isa = PBXFileReference; lastKnownFileType = sourcecode.swift; path = Airbnb_CloneApp.swift; sourceTree = "<group>"; };
		7308F69E2B6D975300E5140F /* ContentView.swift */ = {isa = PBXFileReference; lastKnownFileType = sourcecode.swift; path = ContentView.swift; sourceTree = "<group>"; };
		7308F6A02B6D975400E5140F /* Assets.xcassets */ = {isa = PBXFileReference; lastKnownFileType = folder.assetcatalog; path = Assets.xcassets; sourceTree = "<group>"; };
		7308F6A32B6D975400E5140F /* Preview Assets.xcassets */ = {isa = PBXFileReference; lastKnownFileType = folder.assetcatalog; path = "Preview Assets.xcassets"; sourceTree = "<group>"; };
		7308F6B92B6D9A2200E5140F /* ExploreView.swift */ = {isa = PBXFileReference; lastKnownFileType = sourcecode.swift; path = ExploreView.swift; sourceTree = "<group>"; };
		7308F6BB2B6D9AD300E5140F /* ListingItemView.swift */ = {isa = PBXFileReference; lastKnownFileType = sourcecode.swift; path = ListingItemView.swift; sourceTree = "<group>"; };
		7308F6BD2B6D9FA700E5140F /* Explore.swift */ = {isa = PBXFileReference; lastKnownFileType = sourcecode.swift; path = Explore.swift; sourceTree = "<group>"; };
		7308F6BF2B6DACB300E5140F /* SearchAndFilterBar.swift */ = {isa = PBXFileReference; lastKnownFileType = sourcecode.swift; path = SearchAndFilterBar.swift; sourceTree = "<group>"; };
		7308F6C12B6E621F00E5140F /* ListingDetailView.swift */ = {isa = PBXFileReference; lastKnownFileType = sourcecode.swift; path = ListingDetailView.swift; sourceTree = "<group>"; };
		7308F6C42B6E62D100E5140F /* ListingImageCarouselView.swift */ = {isa = PBXFileReference; lastKnownFileType = sourcecode.swift; path = ListingImageCarouselView.swift; sourceTree = "<group>"; };
		7323B8FE2B6E79EF00A195EF /* TextAndRatingView.swift */ = {isa = PBXFileReference; lastKnownFileType = sourcecode.swift; path = TextAndRatingView.swift; sourceTree = "<group>"; };
		7323B9002B6E7AA600A195EF /* FeaturesSection.swift */ = {isa = PBXFileReference; lastKnownFileType = sourcecode.swift; path = FeaturesSection.swift; sourceTree = "<group>"; };
		7323B9022B6E7AB900A195EF /* FeatureRow.swift */ = {isa = PBXFileReference; lastKnownFileType = sourcecode.swift; path = FeatureRow.swift; sourceTree = "<group>"; };
		7323B9042B6E7B4100A195EF /* HostSection.swift */ = {isa = PBXFileReference; lastKnownFileType = sourcecode.swift; path = HostSection.swift; sourceTree = "<group>"; };
		7323B9062B6E7B6C00A195EF /* BedroomsSection.swift */ = {isa = PBXFileReference; lastKnownFileType = sourcecode.swift; path = BedroomsSection.swift; sourceTree = "<group>"; };
		7323B9082B6E7B7F00A195EF /* PlaceOffersSection.swift */ = {isa = PBXFileReference; lastKnownFileType = sourcecode.swift; path = PlaceOffersSection.swift; sourceTree = "<group>"; };
		7323B90A2B6E7C3500A195EF /* BedroomView.swift */ = {isa = PBXFileReference; lastKnownFileType = sourcecode.swift; path = BedroomView.swift; sourceTree = "<group>"; };
		7323B90C2B6E7DA100A195EF /* MapView.swift */ = {isa = PBXFileReference; lastKnownFileType = sourcecode.swift; path = MapView.swift; sourceTree = "<group>"; };
		7323B90E2B6E809500A195EF /* SectionGroup.swift */ = {isa = PBXFileReference; lastKnownFileType = sourcecode.swift; path = SectionGroup.swift; sourceTree = "<group>"; };
		7323B9102B6EB1BB00A195EF /* DestinationSearchView.swift */ = {isa = PBXFileReference; lastKnownFileType = sourcecode.swift; path = DestinationSearchView.swift; sourceTree = "<group>"; };
/* End PBXFileReference section */

/* Begin PBXFrameworksBuildPhase section */
		7308F6962B6D975300E5140F /* Frameworks */ = {
			isa = PBXFrameworksBuildPhase;
			buildActionMask = 2147483647;
			files = (
			);
			runOnlyForDeploymentPostprocessing = 0;
		};
/* End PBXFrameworksBuildPhase section */

/* Begin PBXGroup section */
		7308F6902B6D975300E5140F = {
			isa = PBXGroup;
			children = (
				7308F69B2B6D975300E5140F /* Airbnb-Clone */,
				7308F69A2B6D975300E5140F /* Products */,
			);
			sourceTree = "<group>";
		};
		7308F69A2B6D975300E5140F /* Products */ = {
			isa = PBXGroup;
			children = (
				7308F6992B6D975300E5140F /* Airbnb-Clone.app */,
			);
			name = Products;
			sourceTree = "<group>";
		};
		7308F69B2B6D975300E5140F /* Airbnb-Clone */ = {
			isa = PBXGroup;
			children = (
				7308F6AA2B6D986D00E5140F /* App */,
				7308F6AE2B6D98B300E5140F /* Core */,
				7308F6AF2B6D98B700E5140F /* Extensions */,
				7308F6B02B6D98C700E5140F /* Models */,
				7308F6B12B6D98E000E5140F /* Utilities */,
				7308F6A02B6D975400E5140F /* Assets.xcassets */,
				7308F6A22B6D975400E5140F /* Preview Content */,
			);
			path = "Airbnb-Clone";
			sourceTree = "<group>";
		};
		7308F6A22B6D975400E5140F /* Preview Content */ = {
			isa = PBXGroup;
			children = (
				7308F6A32B6D975400E5140F /* Preview Assets.xcassets */,
			);
			path = "Preview Content";
			sourceTree = "<group>";
		};
		7308F6AA2B6D986D00E5140F /* App */ = {
			isa = PBXGroup;
			children = (
				7308F69C2B6D975300E5140F /* Airbnb_CloneApp.swift */,
			);
			path = App;
			sourceTree = "<group>";
		};
		7308F6AE2B6D98B300E5140F /* Core */ = {
			isa = PBXGroup;
			children = (
				7308F69E2B6D975300E5140F /* ContentView.swift */,
				7323B90E2B6E809500A195EF /* SectionGroup.swift */,
				7308F6C32B6E62B900E5140F /* Components */,
				7308F6B22B6D992800E5140F /* Explore */,
				7308F6B32B6D992E00E5140F /* Listings */,
				7308F6B52B6D995400E5140F /* Map */,
				7308F6B42B6D994300E5140F /* Profile */,
				7308F6B62B6D995900E5140F /* Root */,
				7308F6B72B6D996900E5140F /* TabBar */,
				7308F6B82B6D996D00E5140F /* Wishlists */,
			);
			path = Core;
			sourceTree = "<group>";
		};
		7308F6AF2B6D98B700E5140F /* Extensions */ = {
			isa = PBXGroup;
			children = (
			);
			path = Extensions;
			sourceTree = "<group>";
		};
		7308F6B02B6D98C700E5140F /* Models */ = {
			isa = PBXGroup;
			children = (
				7308F6BD2B6D9FA700E5140F /* Explore.swift */,
			);
			path = Models;
			sourceTree = "<group>";
		};
		7308F6B12B6D98E000E5140F /* Utilities */ = {
			isa = PBXGroup;
			children = (
			);
			path = Utilities;
			sourceTree = "<group>";
		};
		7308F6B22B6D992800E5140F /* Explore */ = {
			isa = PBXGroup;
			children = (
				7308F6B92B6D9A2200E5140F /* ExploreView.swift */,
				7308F6BF2B6DACB300E5140F /* SearchAndFilterBar.swift */,
				7323B9102B6EB1BB00A195EF /* DestinationSearchView.swift */,
			);
			path = Explore;
			sourceTree = "<group>";
		};
		7308F6B32B6D992E00E5140F /* Listings */ = {
			isa = PBXGroup;
			children = (
				7308F6C12B6E621F00E5140F /* ListingDetailView.swift */,
				7308F6BB2B6D9AD300E5140F /* ListingItemView.swift */,
				7323B8FD2B6E79D900A195EF /* ListingDetailView */,
			);
			path = Listings;
			sourceTree = "<group>";
		};
		7308F6B42B6D994300E5140F /* Profile */ = {
			isa = PBXGroup;
			children = (
			);
			path = Profile;
			sourceTree = "<group>";
		};
		7308F6B52B6D995400E5140F /* Map */ = {
			isa = PBXGroup;
			children = (
			);
			path = Map;
			sourceTree = "<group>";
		};
		7308F6B62B6D995900E5140F /* Root */ = {
			isa = PBXGroup;
			children = (
			);
			path = Root;
			sourceTree = "<group>";
		};
		7308F6B72B6D996900E5140F /* TabBar */ = {
			isa = PBXGroup;
			children = (
			);
			path = TabBar;
			sourceTree = "<group>";
		};
		7308F6B82B6D996D00E5140F /* Wishlists */ = {
			isa = PBXGroup;
			children = (
			);
			path = Wishlists;
			sourceTree = "<group>";
		};
		7308F6C32B6E62B900E5140F /* Components */ = {
			isa = PBXGroup;
			children = (
				7308F6C42B6E62D100E5140F /* ListingImageCarouselView.swift */,
			);
			path = Components;
			sourceTree = "<group>";
		};
		7323B8FD2B6E79D900A195EF /* ListingDetailView */ = {
			isa = PBXGroup;
			children = (
				7323B8FE2B6E79EF00A195EF /* TextAndRatingView.swift */,
				7323B9042B6E7B4100A195EF /* HostSection.swift */,
				7323B9002B6E7AA600A195EF /* FeaturesSection.swift */,
				7323B9022B6E7AB900A195EF /* FeatureRow.swift */,
				7323B9062B6E7B6C00A195EF /* BedroomsSection.swift */,
				7323B90A2B6E7C3500A195EF /* BedroomView.swift */,
				7323B9082B6E7B7F00A195EF /* PlaceOffersSection.swift */,
				7323B90C2B6E7DA100A195EF /* MapView.swift */,
			);
			path = ListingDetailView;
			sourceTree = "<group>";
		};
/* End PBXGroup section */

/* Begin PBXNativeTarget section */
		7308F6982B6D975300E5140F /* Airbnb-Clone */ = {
			isa = PBXNativeTarget;
			buildConfigurationList = 7308F6A72B6D975400E5140F /* Build configuration list for PBXNativeTarget "Airbnb-Clone" */;
			buildPhases = (
				7308F6952B6D975300E5140F /* Sources */,
				7308F6962B6D975300E5140F /* Frameworks */,
				7308F6972B6D975300E5140F /* Resources */,
			);
			buildRules = (
			);
			dependencies = (
			);
			name = "Airbnb-Clone";
			productName = "Airbnb-Clone";
			productReference = 7308F6992B6D975300E5140F /* Airbnb-Clone.app */;
			productType = "com.apple.product-type.application";
		};
/* End PBXNativeTarget section */

/* Begin PBXProject section */
		7308F6912B6D975300E5140F /* Project object */ = {
			isa = PBXProject;
			attributes = {
				BuildIndependentTargetsInParallel = 1;
				LastSwiftUpdateCheck = 1430;
				LastUpgradeCheck = 1430;
				TargetAttributes = {
					7308F6982B6D975300E5140F = {
						CreatedOnToolsVersion = 14.3.1;
					};
				};
			};
			buildConfigurationList = 7308F6942B6D975300E5140F /* Build configuration list for PBXProject "Airbnb-Clone" */;
			compatibilityVersion = "Xcode 14.0";
			developmentRegion = en;
			hasScannedForEncodings = 0;
			knownRegions = (
				en,
				Base,
			);
			mainGroup = 7308F6902B6D975300E5140F;
			productRefGroup = 7308F69A2B6D975300E5140F /* Products */;
			projectDirPath = "";
			projectRoot = "";
			targets = (
				7308F6982B6D975300E5140F /* Airbnb-Clone */,
			);
		};
/* End PBXProject section */

/* Begin PBXResourcesBuildPhase section */
		7308F6972B6D975300E5140F /* Resources */ = {
			isa = PBXResourcesBuildPhase;
			buildActionMask = 2147483647;
			files = (
				7308F6A42B6D975400E5140F /* Preview Assets.xcassets in Resources */,
				7308F6A12B6D975400E5140F /* Assets.xcassets in Resources */,
			);
			runOnlyForDeploymentPostprocessing = 0;
		};
/* End PBXResourcesBuildPhase section */

/* Begin PBXSourcesBuildPhase section */
		7308F6952B6D975300E5140F /* Sources */ = {
			isa = PBXSourcesBuildPhase;
			buildActionMask = 2147483647;
			files = (
				7323B90F2B6E809500A195EF /* SectionGroup.swift in Sources */,
				7308F69F2B6D975300E5140F /* ContentView.swift in Sources */,
				7323B90D2B6E7DA100A195EF /* MapView.swift in Sources */,
				7308F6C22B6E621F00E5140F /* ListingDetailView.swift in Sources */,
				7308F6C02B6DACB300E5140F /* SearchAndFilterBar.swift in Sources */,
				7323B9112B6EB1BB00A195EF /* DestinationSearchView.swift in Sources */,
				7308F6BC2B6D9AD300E5140F /* ListingItemView.swift in Sources */,
				7323B90B2B6E7C3500A195EF /* BedroomView.swift in Sources */,
				7323B9012B6E7AA600A195EF /* FeaturesSection.swift in Sources */,
				7323B8FF2B6E79EF00A195EF /* TextAndRatingView.swift in Sources */,
				7323B9092B6E7B7F00A195EF /* PlaceOffersSection.swift in Sources */,
				7308F6BE2B6D9FA700E5140F /* Explore.swift in Sources */,
				7323B9072B6E7B6C00A195EF /* BedroomsSection.swift in Sources */,
				7308F6BA2B6D9A2200E5140F /* ExploreView.swift in Sources */,
				7308F69D2B6D975300E5140F /* Airbnb_CloneApp.swift in Sources */,
				7308F6C52B6E62D100E5140F /* ListingImageCarouselView.swift in Sources */,
				7323B9032B6E7AB900A195EF /* FeatureRow.swift in Sources */,
				7323B9052B6E7B4100A195EF /* HostSection.swift in Sources */,
			);
			runOnlyForDeploymentPostprocessing = 0;
		};
/* End PBXSourcesBuildPhase section */

/* Begin XCBuildConfiguration section */
		7308F6A52B6D975400E5140F /* Debug */ = {
			isa = XCBuildConfiguration;
			buildSettings = {
				ALWAYS_SEARCH_USER_PATHS = NO;
				CLANG_ANALYZER_NONNULL = YES;
				CLANG_ANALYZER_NUMBER_OBJECT_CONVERSION = YES_AGGRESSIVE;
				CLANG_CXX_LANGUAGE_STANDARD = "gnu++20";
				CLANG_ENABLE_MODULES = YES;
				CLANG_ENABLE_OBJC_ARC = YES;
				CLANG_ENABLE_OBJC_WEAK = YES;
				CLANG_WARN_BLOCK_CAPTURE_AUTORELEASING = YES;
				CLANG_WARN_BOOL_CONVERSION = YES;
				CLANG_WARN_COMMA = YES;
				CLANG_WARN_CONSTANT_CONVERSION = YES;
				CLANG_WARN_DEPRECATED_OBJC_IMPLEMENTATIONS = YES;
				CLANG_WARN_DIRECT_OBJC_ISA_USAGE = YES_ERROR;
				CLANG_WARN_DOCUMENTATION_COMMENTS = YES;
				CLANG_WARN_EMPTY_BODY = YES;
				CLANG_WARN_ENUM_CONVERSION = YES;
				CLANG_WARN_INFINITE_RECURSION = YES;
				CLANG_WARN_INT_CONVERSION = YES;
				CLANG_WARN_NON_LITERAL_NULL_CONVERSION = YES;
				CLANG_WARN_OBJC_IMPLICIT_RETAIN_SELF = YES;
				CLANG_WARN_OBJC_LITERAL_CONVERSION = YES;
				CLANG_WARN_OBJC_ROOT_CLASS = YES_ERROR;
				CLANG_WARN_QUOTED_INCLUDE_IN_FRAMEWORK_HEADER = YES;
				CLANG_WARN_RANGE_LOOP_ANALYSIS = YES;
				CLANG_WARN_STRICT_PROTOTYPES = YES;
				CLANG_WARN_SUSPICIOUS_MOVE = YES;
				CLANG_WARN_UNGUARDED_AVAILABILITY = YES_AGGRESSIVE;
				CLANG_WARN_UNREACHABLE_CODE = YES;
				CLANG_WARN__DUPLICATE_METHOD_MATCH = YES;
				COPY_PHASE_STRIP = NO;
				DEBUG_INFORMATION_FORMAT = dwarf;
				ENABLE_STRICT_OBJC_MSGSEND = YES;
				ENABLE_TESTABILITY = YES;
				GCC_C_LANGUAGE_STANDARD = gnu11;
				GCC_DYNAMIC_NO_PIC = NO;
				GCC_NO_COMMON_BLOCKS = YES;
				GCC_OPTIMIZATION_LEVEL = 0;
				GCC_PREPROCESSOR_DEFINITIONS = (
					"DEBUG=1",
					"$(inherited)",
				);
				GCC_WARN_64_TO_32_BIT_CONVERSION = YES;
				GCC_WARN_ABOUT_RETURN_TYPE = YES_ERROR;
				GCC_WARN_UNDECLARED_SELECTOR = YES;
				GCC_WARN_UNINITIALIZED_AUTOS = YES_AGGRESSIVE;
				GCC_WARN_UNUSED_FUNCTION = YES;
				GCC_WARN_UNUSED_VARIABLE = YES;
				IPHONEOS_DEPLOYMENT_TARGET = 16.4;
				MTL_ENABLE_DEBUG_INFO = INCLUDE_SOURCE;
				MTL_FAST_MATH = YES;
				ONLY_ACTIVE_ARCH = YES;
				SDKROOT = iphoneos;
				SWIFT_ACTIVE_COMPILATION_CONDITIONS = DEBUG;
				SWIFT_OPTIMIZATION_LEVEL = "-Onone";
			};
			name = Debug;
		};
		7308F6A62B6D975400E5140F /* Release */ = {
			isa = XCBuildConfiguration;
			buildSettings = {
				ALWAYS_SEARCH_USER_PATHS = NO;
				CLANG_ANALYZER_NONNULL = YES;
				CLANG_ANALYZER_NUMBER_OBJECT_CONVERSION = YES_AGGRESSIVE;
				CLANG_CXX_LANGUAGE_STANDARD = "gnu++20";
				CLANG_ENABLE_MODULES = YES;
				CLANG_ENABLE_OBJC_ARC = YES;
				CLANG_ENABLE_OBJC_WEAK = YES;
				CLANG_WARN_BLOCK_CAPTURE_AUTORELEASING = YES;
				CLANG_WARN_BOOL_CONVERSION = YES;
				CLANG_WARN_COMMA = YES;
				CLANG_WARN_CONSTANT_CONVERSION = YES;
				CLANG_WARN_DEPRECATED_OBJC_IMPLEMENTATIONS = YES;
				CLANG_WARN_DIRECT_OBJC_ISA_USAGE = YES_ERROR;
				CLANG_WARN_DOCUMENTATION_COMMENTS = YES;
				CLANG_WARN_EMPTY_BODY = YES;
				CLANG_WARN_ENUM_CONVERSION = YES;
				CLANG_WARN_INFINITE_RECURSION = YES;
				CLANG_WARN_INT_CONVERSION = YES;
				CLANG_WARN_NON_LITERAL_NULL_CONVERSION = YES;
				CLANG_WARN_OBJC_IMPLICIT_RETAIN_SELF = YES;
				CLANG_WARN_OBJC_LITERAL_CONVERSION = YES;
				CLANG_WARN_OBJC_ROOT_CLASS = YES_ERROR;
				CLANG_WARN_QUOTED_INCLUDE_IN_FRAMEWORK_HEADER = YES;
				CLANG_WARN_RANGE_LOOP_ANALYSIS = YES;
				CLANG_WARN_STRICT_PROTOTYPES = YES;
				CLANG_WARN_SUSPICIOUS_MOVE = YES;
				CLANG_WARN_UNGUARDED_AVAILABILITY = YES_AGGRESSIVE;
				CLANG_WARN_UNREACHABLE_CODE = YES;
				CLANG_WARN__DUPLICATE_METHOD_MATCH = YES;
				COPY_PHASE_STRIP = NO;
				DEBUG_INFORMATION_FORMAT = "dwarf-with-dsym";
				ENABLE_NS_ASSERTIONS = NO;
				ENABLE_STRICT_OBJC_MSGSEND = YES;
				GCC_C_LANGUAGE_STANDARD = gnu11;
				GCC_NO_COMMON_BLOCKS = YES;
				GCC_WARN_64_TO_32_BIT_CONVERSION = YES;
				GCC_WARN_ABOUT_RETURN_TYPE = YES_ERROR;
				GCC_WARN_UNDECLARED_SELECTOR = YES;
				GCC_WARN_UNINITIALIZED_AUTOS = YES_AGGRESSIVE;
				GCC_WARN_UNUSED_FUNCTION = YES;
				GCC_WARN_UNUSED_VARIABLE = YES;
				IPHONEOS_DEPLOYMENT_TARGET = 16.4;
				MTL_ENABLE_DEBUG_INFO = NO;
				MTL_FAST_MATH = YES;
				SDKROOT = iphoneos;
				SWIFT_COMPILATION_MODE = wholemodule;
				SWIFT_OPTIMIZATION_LEVEL = "-O";
				VALIDATE_PRODUCT = YES;
			};
			name = Release;
		};
		7308F6A82B6D975400E5140F /* Debug */ = {
			isa = XCBuildConfiguration;
			buildSettings = {
				ASSETCATALOG_COMPILER_APPICON_NAME = AppIcon;
				ASSETCATALOG_COMPILER_GLOBAL_ACCENT_COLOR_NAME = AccentColor;
				CODE_SIGN_STYLE = Automatic;
				CURRENT_PROJECT_VERSION = 1;
				DEVELOPMENT_ASSET_PATHS = "\"Airbnb-Clone/Preview Content\"";
				DEVELOPMENT_TEAM = AUR8GZBZK7;
				ENABLE_PREVIEWS = YES;
				GENERATE_INFOPLIST_FILE = YES;
				INFOPLIST_KEY_UIApplicationSceneManifest_Generation = YES;
				INFOPLIST_KEY_UIApplicationSupportsIndirectInputEvents = YES;
				INFOPLIST_KEY_UILaunchScreen_Generation = YES;
				INFOPLIST_KEY_UISupportedInterfaceOrientations_iPad = "UIInterfaceOrientationPortrait UIInterfaceOrientationPortraitUpsideDown UIInterfaceOrientationLandscapeLeft UIInterfaceOrientationLandscapeRight";
				INFOPLIST_KEY_UISupportedInterfaceOrientations_iPhone = "UIInterfaceOrientationPortrait UIInterfaceOrientationLandscapeLeft UIInterfaceOrientationLandscapeRight";
				LD_RUNPATH_SEARCH_PATHS = (
					"$(inherited)",
					"@executable_path/Frameworks",
				);
				MARKETING_VERSION = 1.0;
				PRODUCT_BUNDLE_IDENTIFIER = "com.my.Airbnb-Clone";
				PRODUCT_NAME = "$(TARGET_NAME)";
				SUPPORTED_PLATFORMS = "iphoneos iphonesimulator";
				SUPPORTS_MACCATALYST = NO;
				SUPPORTS_MAC_DESIGNED_FOR_IPHONE_IPAD = NO;
				SWIFT_EMIT_LOC_STRINGS = YES;
				SWIFT_VERSION = 5.0;
				TARGETED_DEVICE_FAMILY = 1;
			};
			name = Debug;
		};
		7308F6A92B6D975400E5140F /* Release */ = {
			isa = XCBuildConfiguration;
			buildSettings = {
				ASSETCATALOG_COMPILER_APPICON_NAME = AppIcon;
				ASSETCATALOG_COMPILER_GLOBAL_ACCENT_COLOR_NAME = AccentColor;
				CODE_SIGN_STYLE = Automatic;
				CURRENT_PROJECT_VERSION = 1;
				DEVELOPMENT_ASSET_PATHS = "\"Airbnb-Clone/Preview Content\"";
				DEVELOPMENT_TEAM = AUR8GZBZK7;
				ENABLE_PREVIEWS = YES;
				GENERATE_INFOPLIST_FILE = YES;
				INFOPLIST_KEY_UIApplicationSceneManifest_Generation = YES;
				INFOPLIST_KEY_UIApplicationSupportsIndirectInputEvents = YES;
				INFOPLIST_KEY_UILaunchScreen_Generation = YES;
				INFOPLIST_KEY_UISupportedInterfaceOrientations_iPad = "UIInterfaceOrientationPortrait UIInterfaceOrientationPortraitUpsideDown UIInterfaceOrientationLandscapeLeft UIInterfaceOrientationLandscapeRight";
				INFOPLIST_KEY_UISupportedInterfaceOrientations_iPhone = "UIInterfaceOrientationPortrait UIInterfaceOrientationLandscapeLeft UIInterfaceOrientationLandscapeRight";
				LD_RUNPATH_SEARCH_PATHS = (
					"$(inherited)",
					"@executable_path/Frameworks",
				);
				MARKETING_VERSION = 1.0;
				PRODUCT_BUNDLE_IDENTIFIER = "com.my.Airbnb-Clone";
				PRODUCT_NAME = "$(TARGET_NAME)";
				SUPPORTED_PLATFORMS = "iphoneos iphonesimulator";
				SUPPORTS_MACCATALYST = NO;
				SUPPORTS_MAC_DESIGNED_FOR_IPHONE_IPAD = NO;
				SWIFT_EMIT_LOC_STRINGS = YES;
				SWIFT_VERSION = 5.0;
				TARGETED_DEVICE_FAMILY = 1;
			};
			name = Release;
		};
/* End XCBuildConfiguration section */

/* Begin XCConfigurationList section */
		7308F6942B6D975300E5140F /* Build configuration list for PBXProject "Airbnb-Clone" */ = {
			isa = XCConfigurationList;
			buildConfigurations = (
				7308F6A52B6D975400E5140F /* Debug */,
				7308F6A62B6D975400E5140F /* Release */,
			);
			defaultConfigurationIsVisible = 0;
			defaultConfigurationName = Release;
		};
		7308F6A72B6D975400E5140F /* Build configuration list for PBXNativeTarget "Airbnb-Clone" */ = {
			isa = XCConfigurationList;
			buildConfigurations = (
				7308F6A82B6D975400E5140F /* Debug */,
				7308F6A92B6D975400E5140F /* Release */,
			);
			defaultConfigurationIsVisible = 0;
			defaultConfigurationName = Release;
		};
/* End XCConfigurationList section */
	};
	rootObject = 7308F6912B6D975300E5140F /* Project object */;
}
